
Microsoft Visual Studio Solution File, Format Version 12.00
# Visual Studio Version 17
VisualStudioVersion = 17.4.33213.308
MinimumVisualStudioVersion = 10.0.40219.1
Project("{FAE04EC0-301F-11D3-BF4B-00C04F79EFBC}") = "NDJPFinal", "NDJPFinal\NDJPFinal.csproj", "{21975DA6-C226-4D6C-9BEE-950DBD97334F}"
EndProject
Global
	GlobalSection(SolutionConfigurationPlatforms) = preSolution
		Debug|Any CPU = Debug|Any CPU
		Release|Any CPU = Release|Any CPU
	EndGlobalSection
	GlobalSection(ProjectConfigurationPlatforms) = postSolution
		{21975DA6-C226-4D6C-9BEE-950DBD97334F}.Debug|Any CPU.ActiveCfg = Debug|Any CPU
		{21975DA6-C226-4D6C-9BEE-950DBD97334F}.Debug|Any CPU.Build.0 = Debug|Any CPU
		{21975DA6-C226-4D6C-9BEE-950DBD97334F}.Release|Any CPU.ActiveCfg = Release|Any CPU
		{21975DA6-C226-4D6C-9BEE-950DBD97334F}.Release|Any CPU.Build.0 = Release|Any CPU
	EndGlobalSection
	GlobalSection(SolutionProperties) = preSolution
		HideSolutionNode = FALSE
	EndGlobalSection
	GlobalSection(ExtensibilityGlobals) = postSolution
		SolutionGuid = {C6DD6790-013C-40C2-A31F-8285B1ED428C}
	EndGlobalSection
EndGlobal
